// !$*UTF8*$!
{
	archiveVersion = 1;
	classes = {
	};
	objectVersion = 46;
	objects = {

/* Begin PBXBuildFile section */
		20BF05531BD53ACF000162A9 /* AppDelegate.swift in Sources */ = {isa = PBXBuildFile; fileRef = 20BF05521BD53ACF000162A9 /* AppDelegate.swift */; };
		20BF05551BD53ACF000162A9 /* ViewController.swift in Sources */ = {isa = PBXBuildFile; fileRef = 20BF05541BD53ACF000162A9 /* ViewController.swift */; };
		20BF05581BD53ACF000162A9 /* Main.storyboard in Resources */ = {isa = PBXBuildFile; fileRef = 20BF05561BD53ACF000162A9 /* Main.storyboard */; };
		20BF055A1BD53ACF000162A9 /* Images.xcassets in Resources */ = {isa = PBXBuildFile; fileRef = 20BF05591BD53ACF000162A9 /* Images.xcassets */; };
		20BF055D1BD53ACF000162A9 /* LaunchScreen.xib in Resources */ = {isa = PBXBuildFile; fileRef = 20BF055B1BD53ACF000162A9 /* LaunchScreen.xib */; };
		20BF05691BD53ACF000162A9 /* TimesTablesTests.swift in Sources */ = {isa = PBXBuildFile; fileRef = 20BF05681BD53ACF000162A9 /* TimesTablesTests.swift */; };
/* End PBXBuildFile section */

/* Begin PBXContainerItemProxy section */
		20BF05631BD53ACF000162A9 /* PBXContainerItemProxy */ = {
			isa = PBXContainerItemProxy;
			containerPortal = 20BF05451BD53ACF000162A9 /* Project object */;
			proxyType = 1;
			remoteGlobalIDString = 20BF054C1BD53ACF000162A9;
			remoteInfo = TimesTables;
		};
/* End PBXContainerItemProxy section */

/* Begin PBXFileReference section */
		20BF054D1BD53ACF000162A9 /* TimesTables.app */ = {isa = PBXFileReference; explicitFileType = wrapper.application; includeInIndex = 0; path = TimesTables.app; sourceTree = BUILT_PRODUCTS_DIR; };
		20BF05511BD53ACF000162A9 /* Info.plist */ = {isa = PBXFileReference; lastKnownFileType = text.plist.xml; path = Info.plist; sourceTree = "<group>"; };
		20BF05521BD53ACF000162A9 /* AppDelegate.swift */ = {isa = PBXFileReference; lastKnownFileType = sourcecode.swift; path = AppDelegate.swift; sourceTree = "<group>"; };
		20BF05541BD53ACF000162A9 /* ViewController.swift */ = {isa = PBXFileReference; lastKnownFileType = sourcecode.swift; path = ViewController.swift; sourceTree = "<group>"; };
		20BF05571BD53ACF000162A9 /* Base */ = {isa = PBXFileReference; lastKnownFileType = file.storyboard; name = Base; path = Base.lproj/Main.storyboard; sourceTree = "<group>"; };
		20BF05591BD53ACF000162A9 /* Images.xcassets */ = {isa = PBXFileReference; lastKnownFileType = folder.assetcatalog; path = Images.xcassets; sourceTree = "<group>"; };
		20BF055C1BD53ACF000162A9 /* Base */ = {isa = PBXFileReference; lastKnownFileType = file.xib; name = Base; path = Base.lproj/LaunchScreen.xib; sourceTree = "<group>"; };
		20BF05621BD53ACF000162A9 /* TimesTablesTests.xctest */ = {isa = PBXFileReference; explicitFileType = wrapper.cfbundle; includeInIndex = 0; path = TimesTablesTests.xctest; sourceTree = BUILT_PRODUCTS_DIR; };
		20BF05671BD53ACF000162A9 /* Info.plist */ = {isa = PBXFileReference; lastKnownFileType = text.plist.xml; path = Info.plist; sourceTree = "<group>"; };
		20BF05681BD53ACF000162A9 /* TimesTablesTests.swift */ = {isa = PBXFileReference; lastKnownFileType = sourcecode.swift; path = TimesTablesTests.swift; sourceTree = "<group>"; };
/* End PBXFileReference section */

/* Begin PBXFrameworksBuildPhase section */
		20BF054A1BD53ACF000162A9 /* Frameworks */ = {
			isa = PBXFrameworksBuildPhase;
			buildActionMask = 2147483647;
			files = (
			);
			runOnlyForDeploymentPostprocessing = 0;
		};
		20BF055F1BD53ACF000162A9 /* Frameworks */ = {
			isa = PBXFrameworksBuildPhase;
			buildActionMask = 2147483647;
			files = (
			);
			runOnlyForDeploymentPostprocessing = 0;
		};
/* End PBXFrameworksBuildPhase section */

/* Begin PBXGroup section */
		20BF05441BD53ACF000162A9 = {
			isa = PBXGroup;
			children = (
				20BF054F1BD53ACF000162A9 /* TimesTables */,
				20BF05651BD53ACF000162A9 /* TimesTablesTests */,
				20BF054E1BD53ACF000162A9 /* Products */,
			);
			sourceTree = "<group>";
		};
		20BF054E1BD53ACF000162A9 /* Products */ = {
			isa = PBXGroup;
			children = (
				20BF054D1BD53ACF000162A9 /* TimesTables.app */,
				20BF05621BD53ACF000162A9 /* TimesTablesTests.xctest */,
			);
			name = Products;
			sourceTree = "<group>";
		};
		20BF054F1BD53ACF000162A9 /* TimesTables */ = {
			isa = PBXGroup;
			children = (
				20BF05521BD53ACF000162A9 /* AppDelegate.swift */,
				20BF05541BD53ACF000162A9 /* ViewController.swift */,
				20BF05561BD53ACF000162A9 /* Main.storyboard */,
				20BF05591BD53ACF000162A9 /* Images.xcassets */,
				20BF055B1BD53ACF000162A9 /* LaunchScreen.xib */,
				20BF05501BD53ACF000162A9 /* Supporting Files */,
			);
			path = TimesTables;
			sourceTree = "<group>";
		};
		20BF05501BD53ACF000162A9 /* Supporting Files */ = {
			isa = PBXGroup;
			children = (
				20BF05511BD53ACF000162A9 /* Info.plist */,
			);
			name = "Supporting Files";
			sourceTree = "<group>";
		};
		20BF05651BD53ACF000162A9 /* TimesTablesTests */ = {
			isa = PBXGroup;
			children = (
				20BF05681BD53ACF000162A9 /* TimesTablesTests.swift */,
				20BF05661BD53ACF000162A9 /* Supporting Files */,
			);
			path = TimesTablesTests;
			sourceTree = "<group>";
		};
		20BF05661BD53ACF000162A9 /* Supporting Files */ = {
			isa = PBXGroup;
			children = (
				20BF05671BD53ACF000162A9 /* Info.plist */,
			);
			name = "Supporting Files";
			sourceTree = "<group>";
		};
/* End PBXGroup section */

/* Begin PBXNativeTarget section */
		20BF054C1BD53ACF000162A9 /* TimesTables */ = {
			isa = PBXNativeTarget;
			buildConfigurationList = 20BF056C1BD53ACF000162A9 /* Build configuration list for PBXNativeTarget "TimesTables" */;
			buildPhases = (
				20BF05491BD53ACF000162A9 /* Sources */,
				20BF054A1BD53ACF000162A9 /* Frameworks */,
				20BF054B1BD53ACF000162A9 /* Resources */,
			);
			buildRules = (
			);
			dependencies = (
			);
			name = TimesTables;
			productName = TimesTables;
			productReference = 20BF054D1BD53ACF000162A9 /* TimesTables.app */;
			productType = "com.apple.product-type.application";
		};
		20BF05611BD53ACF000162A9 /* TimesTablesTests */ = {
			isa = PBXNativeTarget;
			buildConfigurationList = 20BF056F1BD53ACF000162A9 /* Build configuration list for PBXNativeTarget "TimesTablesTests" */;
			buildPhases = (
				20BF055E1BD53ACF000162A9 /* Sources */,
				20BF055F1BD53ACF000162A9 /* Frameworks */,
				20BF05601BD53ACF000162A9 /* Resources */,
			);
			buildRules = (
			);
			dependencies = (
				20BF05641BD53ACF000162A9 /* PBXTargetDependency */,
			);
			name = TimesTablesTests;
			productName = TimesTablesTests;
			productReference = 20BF05621BD53ACF000162A9 /* TimesTablesTests.xctest */;
			productType = "com.apple.product-type.bundle.unit-test";
		};
/* End PBXNativeTarget section */

/* Begin PBXProject section */
		20BF05451BD53ACF000162A9 /* Project object */ = {
			isa = PBXProject;
			attributes = {
				LastUpgradeCheck = 0640;
				ORGANIZATIONNAME = "Evan Dorn";
				TargetAttributes = {
					20BF054C1BD53ACF000162A9 = {
						CreatedOnToolsVersion = 6.4;
					};
					20BF05611BD53ACF000162A9 = {
						CreatedOnToolsVersion = 6.4;
						TestTargetID = 20BF054C1BD53ACF000162A9;
					};
				};
			};
			buildConfigurationList = 20BF05481BD53ACF000162A9 /* Build configuration list for PBXProject "TimesTables" */;
			compatibilityVersion = "Xcode 3.2";
			developmentRegion = English;
			hasScannedForEncodings = 0;
			knownRegions = (
				en,
				Base,
			);
			mainGroup = 20BF05441BD53ACF000162A9;
			productRefGroup = 20BF054E1BD53ACF000162A9 /* Products */;
			projectDirPath = "";
			projectRoot = "";
			targets = (
				20BF054C1BD53ACF000162A9 /* TimesTables */,
				20BF05611BD53ACF000162A9 /* TimesTablesTests */,
			);
		};
/* End PBXProject section */

/* Begin PBXResourcesBuildPhase section */
		20BF054B1BD53ACF000162A9 /* Resources */ = {
			isa = PBXResourcesBuildPhase;
			buildActionMask = 2147483647;
			files = (
				20BF05581BD53ACF000162A9 /* Main.storyboard in Resources */,
				20BF055D1BD53ACF000162A9 /* LaunchScreen.xib in Resources */,
				20BF055A1BD53ACF000162A9 /* Images.xcassets in Resources */,
			);
			runOnlyForDeploymentPostprocessing = 0;
		};
		20BF05601BD53ACF000162A9 /* Resources */ = {
			isa = PBXResourcesBuildPhase;
			buildActionMask = 2147483647;
			files = (
			);
			runOnlyForDeploymentPostprocessing = 0;
		};
/* End PBXResourcesBuildPhase section */

/* Begin PBXSourcesBuildPhase section */
		20BF05491BD53ACF000162A9 /* Sources */ = {
			isa = PBXSourcesBuildPhase;
			buildActionMask = 2147483647;
			files = (
				20BF05551BD53ACF000162A9 /* ViewController.swift in Sources */,
				20BF05531BD53ACF000162A9 /* AppDelegate.swift in Sources */,
			);
			runOnlyForDeploymentPostprocessing = 0;
		};
		20BF055E1BD53ACF000162A9 /* Sources */ = {
			isa = PBXSourcesBuildPhase;
			buildActionMask = 2147483647;
			files = (
				20BF05691BD53ACF000162A9 /* TimesTablesTests.swift in Sources */,
			);
			runOnlyForDeploymentPostprocessing = 0;
		};
/* End PBXSourcesBuildPhase section */

/* Begin PBXTargetDependency section */
		20BF05641BD53ACF000162A9 /* PBXTargetDependency */ = {
			isa = PBXTargetDependency;
			target = 20BF054C1BD53ACF000162A9 /* TimesTables */;
			targetProxy = 20BF05631BD53ACF000162A9 /* PBXContainerItemProxy */;
		};
/* End PBXTargetDependency section */

/* Begin PBXVariantGroup section */
		20BF05561BD53ACF000162A9 /* Main.storyboard */ = {
			isa = PBXVariantGroup;
			children = (
				20BF05571BD53ACF000162A9 /* Base */,
			);
			name = Main.storyboard;
			sourceTree = "<group>";
		};
		20BF055B1BD53ACF000162A9 /* LaunchScreen.xib */ = {
			isa = PBXVariantGroup;
			children = (
				20BF055C1BD53ACF000162A9 /* Base */,
			);
			name = LaunchScreen.xib;
			sourceTree = "<group>";
		};
/* End PBXVariantGroup section */

/* Begin XCBuildConfiguration section */
		20BF056A1BD53ACF000162A9 /* Debug */ = {
			isa = XCBuildConfiguration;
			buildSettings = {
				ALWAYS_SEARCH_USER_PATHS = NO;
				CLANG_CXX_LANGUAGE_STANDARD = "gnu++0x";
				CLANG_CXX_LIBRARY = "libc++";
				CLANG_ENABLE_MODULES = YES;
				CLANG_ENABLE_OBJC_ARC = YES;
				CLANG_WARN_BOOL_CONVERSION = YES;
				CLANG_WARN_CONSTANT_CONVERSION = YES;
				CLANG_WARN_DIRECT_OBJC_ISA_USAGE = YES_ERROR;
				CLANG_WARN_EMPTY_BODY = YES;
				CLANG_WARN_ENUM_CONVERSION = YES;
				CLANG_WARN_INT_CONVERSION = YES;
				CLANG_WARN_OBJC_ROOT_CLASS = YES_ERROR;
				CLANG_WARN_UNREACHABLE_CODE = YES;
				CLANG_WARN__DUPLICATE_METHOD_MATCH = YES;
				"CODE_SIGN_IDENTITY[sdk=iphoneos*]" = "iPhone Developer";
				COPY_PHASE_STRIP = NO;
				DEBUG_INFORMATION_FORMAT = "dwarf-with-dsym";
				ENABLE_STRICT_OBJC_MSGSEND = YES;
				GCC_C_LANGUAGE_STANDARD = gnu99;
				GCC_DYNAMIC_NO_PIC = NO;
				GCC_NO_COMMON_BLOCKS = YES;
				GCC_OPTIMIZATION_LEVEL = 0;
				GCC_PREPROCESSOR_DEFINITIONS = (
					"DEBUG=1",
					"$(inherited)",
				);
				GCC_SYMBOLS_PRIVATE_EXTERN = NO;
				GCC_WARN_64_TO_32_BIT_CONVERSION = YES;
				GCC_WARN_ABOUT_RETURN_TYPE = YES_ERROR;
				GCC_WARN_UNDECLARED_SELECTOR = YES;
				GCC_WARN_UNINITIALIZED_AUTOS = YES_AGGRESSIVE;
				GCC_WARN_UNUSED_FUNCTION = YES;
				GCC_WARN_UNUSED_VARIABLE = YES;
				IPHONEOS_DEPLOYMENT_TARGET = 8.4;
				MTL_ENABLE_DEBUG_INFO = YES;
				ONLY_ACTIVE_ARCH = YES;
				SDKROOT = iphoneos;
				SWIFT_OPTIMIZATION_LEVEL = "-Onone";
			};
			name = Debug;
		};
		20BF056B1BD53ACF000162A9 /* Release */ = {
			isa = XCBuildConfiguration;
			buildSettings = {
				ALWAYS_SEARCH_USER_PATHS = NO;
				CLANG_CXX_LANGUAGE_STANDARD = "gnu++0x";
				CLANG_CXX_LIBRARY = "libc++";
				CLANG_ENABLE_MODULES = YES;
				CLANG_ENABLE_OBJC_ARC = YES;
				CLANG_WARN_BOOL_CONVERSION = YES;
				CLANG_WARN_CONSTANT_CONVERSION = YES;
				CLANG_WARN_DIRECT_OBJC_ISA_USAGE = YES_ERROR;
				CLANG_WARN_EMPTY_BODY = YES;
				CLANG_WARN_ENUM_CONVERSION = YES;
				CLANG_WARN_INT_CONVERSION = YES;
				CLANG_WARN_OBJC_ROOT_CLASS = YES_ERROR;
				CLANG_WARN_UNREACHABLE_CODE = YES;
				CLANG_WARN__DUPLICATE_METHOD_MATCH = YES;
				"CODE_SIGN_IDENTITY[sdk=iphoneos*]" = "iPhone Developer";
				COPY_PHASE_STRIP = NO;
				DEBUG_INFORMATION_FORMAT = "dwarf-with-dsym";
				ENABLE_NS_ASSERTIONS = NO;
				ENABLE_STRICT_OBJC_MSGSEND = YES;
				GCC_C_LANGUAGE_STANDARD = gnu99;
				GCC_NO_COMMON_BLOCKS = YES;
				GCC_WARN_64_TO_32_BIT_CONVERSION = YES;
				GCC_WARN_ABOUT_RETURN_TYPE = YES_ERROR;
				GCC_WARN_UNDECLARED_SELECTOR = YES;
				GCC_WARN_UNINITIALIZED_AUTOS = YES_AGGRESSIVE;
				GCC_WARN_UNUSED_FUNCTION = YES;
				GCC_WARN_UNUSED_VARIABLE = YES;
				IPHONEOS_DEPLOYMENT_TARGET = 8.4;
				MTL_ENABLE_DEBUG_INFO = NO;
				SDKROOT = iphoneos;
				VALIDATE_PRODUCT = YES;
			};
			name = Release;
		};
		20BF056D1BD53ACF000162A9 /* Debug */ = {
			isa = XCBuildConfiguration;
			buildSettings = {
				ASSETCATALOG_COMPILER_APPICON_NAME = AppIcon;
				INFOPLIST_FILE = TimesTables/Info.plist;
				LD_RUNPATH_SEARCH_PATHS = "$(inherited) @executable_path/Frameworks";
				PRODUCT_NAME = "$(TARGET_NAME)";
			};
			name = Debug;
		};
		20BF056E1BD53ACF000162A9 /* Release */ = {
			isa = XCBuildConfiguration;
			buildSettings = {
				ASSETCATALOG_COMPILER_APPICON_NAME = AppIcon;
				INFOPLIST_FILE = TimesTables/Info.plist;
				LD_RUNPATH_SEARCH_PATHS = "$(inherited) @executable_path/Frameworks";
				PRODUCT_NAME = "$(TARGET_NAME)";
			};
			name = Release;
		};
		20BF05701BD53ACF000162A9 /* Debug */ = {
			isa = XCBuildConfiguration;
			buildSettings = {
				BUNDLE_LOADER = "$(TEST_HOST)";
				FRAMEWORK_SEARCH_PATHS = (
					"$(SDKROOT)/Developer/Library/Frameworks",
					"$(inherited)",
				);
				GCC_PREPROCESSOR_DEFINITIONS = (
					"DEBUG=1",
					"$(inherited)",
				);
				INFOPLIST_FILE = TimesTablesTests/Info.plist;
				LD_RUNPATH_SEARCH_PATHS = "$(inherited) @executable_path/Frameworks @loader_path/Frameworks";
				PRODUCT_NAME = "$(TARGET_NAME)";
				TEST_HOST = "$(BUILT_PRODUCTS_DIR)/TimesTables.app/TimesTables";
			};
			name = Debug;
		};
		20BF05711BD53ACF000162A9 /* Release */ = {
			isa = XCBuildConfiguration;
			buildSettings = {
				BUNDLE_LOADER = "$(TEST_HOST)";
				FRAMEWORK_SEARCH_PATHS = (
					"$(SDKROOT)/Developer/Library/Frameworks",
					"$(inherited)",
				);
				INFOPLIST_FILE = TimesTablesTests/Info.plist;
				LD_RUNPATH_SEARCH_PATHS = "$(inherited) @executable_path/Frameworks @loader_path/Frameworks";
				PRODUCT_NAME = "$(TARGET_NAME)";
				TEST_HOST = "$(BUILT_PRODUCTS_DIR)/TimesTables.app/TimesTables";
			};
			name = Release;
		};
/* End XCBuildConfiguration section */

/* Begin XCConfigurationList section */
		20BF05481BD53ACF000162A9 /* Build configuration list for PBXProject "TimesTables" */ = {
			isa = XCConfigurationList;
			buildConfigurations = (
				20BF056A1BD53ACF000162A9 /* Debug */,
				20BF056B1BD53ACF000162A9 /* Release */,
			);
			defaultConfigurationIsVisible = 0;
			defaultConfigurationName = Release;
		};
		20BF056C1BD53ACF000162A9 /* Build configuration list for PBXNativeTarget "TimesTables" */ = {
			isa = XCConfigurationList;
			buildConfigurations = (
				20BF056D1BD53ACF000162A9 /* Debug */,
				20BF056E1BD53ACF000162A9 /* Release */,
			);
			defaultConfigurationIsVisible = 0;
		};
		20BF056F1BD53ACF000162A9 /* Build configuration list for PBXNativeTarget "TimesTablesTests" */ = {
			isa = XCConfigurationList;
			buildConfigurations = (
				20BF05701BD53ACF000162A9 /* Debug */,
				20BF05711BD53ACF000162A9 /* Release */,
			);
			defaultConfigurationIsVisible = 0;
		};
/* End XCConfigurationList section */
	};
	rootObject = 20BF05451BD53ACF000162A9 /* Project object */;
}
