// !$*UTF8*$!
{
	archiveVersion = 1;
	classes = {
	};
	objectVersion = 46;
	objects = {

/* Begin PBXBuildFile section */
		207C41E11BD039CC000F53E7 /* AppDelegate.swift in Sources */ = {isa = PBXBuildFile; fileRef = 207C41E01BD039CC000F53E7 /* AppDelegate.swift */; };
		207C41E31BD039CC000F53E7 /* ViewController.swift in Sources */ = {isa = PBXBuildFile; fileRef = 207C41E21BD039CC000F53E7 /* ViewController.swift */; };
		207C41E61BD039CC000F53E7 /* Main.storyboard in Resources */ = {isa = PBXBuildFile; fileRef = 207C41E41BD039CC000F53E7 /* Main.storyboard */; };
		207C41E81BD039CC000F53E7 /* Images.xcassets in Resources */ = {isa = PBXBuildFile; fileRef = 207C41E71BD039CC000F53E7 /* Images.xcassets */; };
		207C41EB1BD039CD000F53E7 /* LaunchScreen.xib in Resources */ = {isa = PBXBuildFile; fileRef = 207C41E91BD039CD000F53E7 /* LaunchScreen.xib */; };
		207C41F71BD039CD000F53E7 /* TableViewsTests.swift in Sources */ = {isa = PBXBuildFile; fileRef = 207C41F61BD039CD000F53E7 /* TableViewsTests.swift */; };
/* End PBXBuildFile section */

/* Begin PBXContainerItemProxy section */
		207C41F11BD039CD000F53E7 /* PBXContainerItemProxy */ = {
			isa = PBXContainerItemProxy;
			containerPortal = 207C41D31BD039CC000F53E7 /* Project object */;
			proxyType = 1;
			remoteGlobalIDString = 207C41DA1BD039CC000F53E7;
			remoteInfo = TableViews;
		};
/* End PBXContainerItemProxy section */

/* Begin PBXFileReference section */
		207C41DB1BD039CC000F53E7 /* TableViews.app */ = {isa = PBXFileReference; explicitFileType = wrapper.application; includeInIndex = 0; path = TableViews.app; sourceTree = BUILT_PRODUCTS_DIR; };
		207C41DF1BD039CC000F53E7 /* Info.plist */ = {isa = PBXFileReference; lastKnownFileType = text.plist.xml; path = Info.plist; sourceTree = "<group>"; };
		207C41E01BD039CC000F53E7 /* AppDelegate.swift */ = {isa = PBXFileReference; lastKnownFileType = sourcecode.swift; path = AppDelegate.swift; sourceTree = "<group>"; };
		207C41E21BD039CC000F53E7 /* ViewController.swift */ = {isa = PBXFileReference; lastKnownFileType = sourcecode.swift; path = ViewController.swift; sourceTree = "<group>"; };
		207C41E51BD039CC000F53E7 /* Base */ = {isa = PBXFileReference; lastKnownFileType = file.storyboard; name = Base; path = Base.lproj/Main.storyboard; sourceTree = "<group>"; };
		207C41E71BD039CC000F53E7 /* Images.xcassets */ = {isa = PBXFileReference; lastKnownFileType = folder.assetcatalog; path = Images.xcassets; sourceTree = "<group>"; };
		207C41EA1BD039CD000F53E7 /* Base */ = {isa = PBXFileReference; lastKnownFileType = file.xib; name = Base; path = Base.lproj/LaunchScreen.xib; sourceTree = "<group>"; };
		207C41F01BD039CD000F53E7 /* TableViewsTests.xctest */ = {isa = PBXFileReference; explicitFileType = wrapper.cfbundle; includeInIndex = 0; path = TableViewsTests.xctest; sourceTree = BUILT_PRODUCTS_DIR; };
		207C41F51BD039CD000F53E7 /* Info.plist */ = {isa = PBXFileReference; lastKnownFileType = text.plist.xml; path = Info.plist; sourceTree = "<group>"; };
		207C41F61BD039CD000F53E7 /* TableViewsTests.swift */ = {isa = PBXFileReference; lastKnownFileType = sourcecode.swift; path = TableViewsTests.swift; sourceTree = "<group>"; };
/* End PBXFileReference section */

/* Begin PBXFrameworksBuildPhase section */
		207C41D81BD039CC000F53E7 /* Frameworks */ = {
			isa = PBXFrameworksBuildPhase;
			buildActionMask = 2147483647;
			files = (
			);
			runOnlyForDeploymentPostprocessing = 0;
		};
		207C41ED1BD039CD000F53E7 /* Frameworks */ = {
			isa = PBXFrameworksBuildPhase;
			buildActionMask = 2147483647;
			files = (
			);
			runOnlyForDeploymentPostprocessing = 0;
		};
/* End PBXFrameworksBuildPhase section */

/* Begin PBXGroup section */
		207C41D21BD039CC000F53E7 = {
			isa = PBXGroup;
			children = (
				207C41DD1BD039CC000F53E7 /* TableViews */,
				207C41F31BD039CD000F53E7 /* TableViewsTests */,
				207C41DC1BD039CC000F53E7 /* Products */,
			);
			sourceTree = "<group>";
		};
		207C41DC1BD039CC000F53E7 /* Products */ = {
			isa = PBXGroup;
			children = (
				207C41DB1BD039CC000F53E7 /* TableViews.app */,
				207C41F01BD039CD000F53E7 /* TableViewsTests.xctest */,
			);
			name = Products;
			sourceTree = "<group>";
		};
		207C41DD1BD039CC000F53E7 /* TableViews */ = {
			isa = PBXGroup;
			children = (
				207C41E01BD039CC000F53E7 /* AppDelegate.swift */,
				207C41E21BD039CC000F53E7 /* ViewController.swift */,
				207C41E41BD039CC000F53E7 /* Main.storyboard */,
				207C41E71BD039CC000F53E7 /* Images.xcassets */,
				207C41E91BD039CD000F53E7 /* LaunchScreen.xib */,
				207C41DE1BD039CC000F53E7 /* Supporting Files */,
			);
			path = TableViews;
			sourceTree = "<group>";
		};
		207C41DE1BD039CC000F53E7 /* Supporting Files */ = {
			isa = PBXGroup;
			children = (
				207C41DF1BD039CC000F53E7 /* Info.plist */,
			);
			name = "Supporting Files";
			sourceTree = "<group>";
		};
		207C41F31BD039CD000F53E7 /* TableViewsTests */ = {
			isa = PBXGroup;
			children = (
				207C41F61BD039CD000F53E7 /* TableViewsTests.swift */,
				207C41F41BD039CD000F53E7 /* Supporting Files */,
			);
			path = TableViewsTests;
			sourceTree = "<group>";
		};
		207C41F41BD039CD000F53E7 /* Supporting Files */ = {
			isa = PBXGroup;
			children = (
				207C41F51BD039CD000F53E7 /* Info.plist */,
			);
			name = "Supporting Files";
			sourceTree = "<group>";
		};
/* End PBXGroup section */

/* Begin PBXNativeTarget section */
		207C41DA1BD039CC000F53E7 /* TableViews */ = {
			isa = PBXNativeTarget;
			buildConfigurationList = 207C41FA1BD039CD000F53E7 /* Build configuration list for PBXNativeTarget "TableViews" */;
			buildPhases = (
				207C41D71BD039CC000F53E7 /* Sources */,
				207C41D81BD039CC000F53E7 /* Frameworks */,
				207C41D91BD039CC000F53E7 /* Resources */,
			);
			buildRules = (
			);
			dependencies = (
			);
			name = TableViews;
			productName = TableViews;
			productReference = 207C41DB1BD039CC000F53E7 /* TableViews.app */;
			productType = "com.apple.product-type.application";
		};
		207C41EF1BD039CD000F53E7 /* TableViewsTests */ = {
			isa = PBXNativeTarget;
			buildConfigurationList = 207C41FD1BD039CD000F53E7 /* Build configuration list for PBXNativeTarget "TableViewsTests" */;
			buildPhases = (
				207C41EC1BD039CD000F53E7 /* Sources */,
				207C41ED1BD039CD000F53E7 /* Frameworks */,
				207C41EE1BD039CD000F53E7 /* Resources */,
			);
			buildRules = (
			);
			dependencies = (
				207C41F21BD039CD000F53E7 /* PBXTargetDependency */,
			);
			name = TableViewsTests;
			productName = TableViewsTests;
			productReference = 207C41F01BD039CD000F53E7 /* TableViewsTests.xctest */;
			productType = "com.apple.product-type.bundle.unit-test";
		};
/* End PBXNativeTarget section */

/* Begin PBXProject section */
		207C41D31BD039CC000F53E7 /* Project object */ = {
			isa = PBXProject;
			attributes = {
				LastUpgradeCheck = 0640;
				ORGANIZATIONNAME = "Evan Dorn";
				TargetAttributes = {
					207C41DA1BD039CC000F53E7 = {
						CreatedOnToolsVersion = 6.4;
					};
					207C41EF1BD039CD000F53E7 = {
						CreatedOnToolsVersion = 6.4;
						TestTargetID = 207C41DA1BD039CC000F53E7;
					};
				};
			};
			buildConfigurationList = 207C41D61BD039CC000F53E7 /* Build configuration list for PBXProject "TableViews" */;
			compatibilityVersion = "Xcode 3.2";
			developmentRegion = English;
			hasScannedForEncodings = 0;
			knownRegions = (
				en,
				Base,
			);
			mainGroup = 207C41D21BD039CC000F53E7;
			productRefGroup = 207C41DC1BD039CC000F53E7 /* Products */;
			projectDirPath = "";
			projectRoot = "";
			targets = (
				207C41DA1BD039CC000F53E7 /* TableViews */,
				207C41EF1BD039CD000F53E7 /* TableViewsTests */,
			);
		};
/* End PBXProject section */

/* Begin PBXResourcesBuildPhase section */
		207C41D91BD039CC000F53E7 /* Resources */ = {
			isa = PBXResourcesBuildPhase;
			buildActionMask = 2147483647;
			files = (
				207C41E61BD039CC000F53E7 /* Main.storyboard in Resources */,
				207C41EB1BD039CD000F53E7 /* LaunchScreen.xib in Resources */,
				207C41E81BD039CC000F53E7 /* Images.xcassets in Resources */,
			);
			runOnlyForDeploymentPostprocessing = 0;
		};
		207C41EE1BD039CD000F53E7 /* Resources */ = {
			isa = PBXResourcesBuildPhase;
			buildActionMask = 2147483647;
			files = (
			);
			runOnlyForDeploymentPostprocessing = 0;
		};
/* End PBXResourcesBuildPhase section */

/* Begin PBXSourcesBuildPhase section */
		207C41D71BD039CC000F53E7 /* Sources */ = {
			isa = PBXSourcesBuildPhase;
			buildActionMask = 2147483647;
			files = (
				207C41E31BD039CC000F53E7 /* ViewController.swift in Sources */,
				207C41E11BD039CC000F53E7 /* AppDelegate.swift in Sources */,
			);
			runOnlyForDeploymentPostprocessing = 0;
		};
		207C41EC1BD039CD000F53E7 /* Sources */ = {
			isa = PBXSourcesBuildPhase;
			buildActionMask = 2147483647;
			files = (
				207C41F71BD039CD000F53E7 /* TableViewsTests.swift in Sources */,
			);
			runOnlyForDeploymentPostprocessing = 0;
		};
/* End PBXSourcesBuildPhase section */

/* Begin PBXTargetDependency section */
		207C41F21BD039CD000F53E7 /* PBXTargetDependency */ = {
			isa = PBXTargetDependency;
			target = 207C41DA1BD039CC000F53E7 /* TableViews */;
			targetProxy = 207C41F11BD039CD000F53E7 /* PBXContainerItemProxy */;
		};
/* End PBXTargetDependency section */

/* Begin PBXVariantGroup section */
		207C41E41BD039CC000F53E7 /* Main.storyboard */ = {
			isa = PBXVariantGroup;
			children = (
				207C41E51BD039CC000F53E7 /* Base */,
			);
			name = Main.storyboard;
			sourceTree = "<group>";
		};
		207C41E91BD039CD000F53E7 /* LaunchScreen.xib */ = {
			isa = PBXVariantGroup;
			children = (
				207C41EA1BD039CD000F53E7 /* Base */,
			);
			name = LaunchScreen.xib;
			sourceTree = "<group>";
		};
/* End PBXVariantGroup section */

/* Begin XCBuildConfiguration section */
		207C41F81BD039CD000F53E7 /* Debug */ = {
			isa = XCBuildConfiguration;
			buildSettings = {
				ALWAYS_SEARCH_USER_PATHS = NO;
				CLANG_CXX_LANGUAGE_STANDARD = "gnu++0x";
				CLANG_CXX_LIBRARY = "libc++";
				CLANG_ENABLE_MODULES = YES;
				CLANG_ENABLE_OBJC_ARC = YES;
				CLANG_WARN_BOOL_CONVERSION = YES;
				CLANG_WARN_CONSTANT_CONVERSION = YES;
				CLANG_WARN_DIRECT_OBJC_ISA_USAGE = YES_ERROR;
				CLANG_WARN_EMPTY_BODY = YES;
				CLANG_WARN_ENUM_CONVERSION = YES;
				CLANG_WARN_INT_CONVERSION = YES;
				CLANG_WARN_OBJC_ROOT_CLASS = YES_ERROR;
				CLANG_WARN_UNREACHABLE_CODE = YES;
				CLANG_WARN__DUPLICATE_METHOD_MATCH = YES;
				"CODE_SIGN_IDENTITY[sdk=iphoneos*]" = "iPhone Developer";
				COPY_PHASE_STRIP = NO;
				DEBUG_INFORMATION_FORMAT = "dwarf-with-dsym";
				ENABLE_STRICT_OBJC_MSGSEND = YES;
				GCC_C_LANGUAGE_STANDARD = gnu99;
				GCC_DYNAMIC_NO_PIC = NO;
				GCC_NO_COMMON_BLOCKS = YES;
				GCC_OPTIMIZATION_LEVEL = 0;
				GCC_PREPROCESSOR_DEFINITIONS = (
					"DEBUG=1",
					"$(inherited)",
				);
				GCC_SYMBOLS_PRIVATE_EXTERN = NO;
				GCC_WARN_64_TO_32_BIT_CONVERSION = YES;
				GCC_WARN_ABOUT_RETURN_TYPE = YES_ERROR;
				GCC_WARN_UNDECLARED_SELECTOR = YES;
				GCC_WARN_UNINITIALIZED_AUTOS = YES_AGGRESSIVE;
				GCC_WARN_UNUSED_FUNCTION = YES;
				GCC_WARN_UNUSED_VARIABLE = YES;
				IPHONEOS_DEPLOYMENT_TARGET = 8.4;
				MTL_ENABLE_DEBUG_INFO = YES;
				ONLY_ACTIVE_ARCH = YES;
				SDKROOT = iphoneos;
				SWIFT_OPTIMIZATION_LEVEL = "-Onone";
			};
			name = Debug;
		};
		207C41F91BD039CD000F53E7 /* Release */ = {
			isa = XCBuildConfiguration;
			buildSettings = {
				ALWAYS_SEARCH_USER_PATHS = NO;
				CLANG_CXX_LANGUAGE_STANDARD = "gnu++0x";
				CLANG_CXX_LIBRARY = "libc++";
				CLANG_ENABLE_MODULES = YES;
				CLANG_ENABLE_OBJC_ARC = YES;
				CLANG_WARN_BOOL_CONVERSION = YES;
				CLANG_WARN_CONSTANT_CONVERSION = YES;
				CLANG_WARN_DIRECT_OBJC_ISA_USAGE = YES_ERROR;
				CLANG_WARN_EMPTY_BODY = YES;
				CLANG_WARN_ENUM_CONVERSION = YES;
				CLANG_WARN_INT_CONVERSION = YES;
				CLANG_WARN_OBJC_ROOT_CLASS = YES_ERROR;
				CLANG_WARN_UNREACHABLE_CODE = YES;
				CLANG_WARN__DUPLICATE_METHOD_MATCH = YES;
				"CODE_SIGN_IDENTITY[sdk=iphoneos*]" = "iPhone Developer";
				COPY_PHASE_STRIP = NO;
				DEBUG_INFORMATION_FORMAT = "dwarf-with-dsym";
				ENABLE_NS_ASSERTIONS = NO;
				ENABLE_STRICT_OBJC_MSGSEND = YES;
				GCC_C_LANGUAGE_STANDARD = gnu99;
				GCC_NO_COMMON_BLOCKS = YES;
				GCC_WARN_64_TO_32_BIT_CONVERSION = YES;
				GCC_WARN_ABOUT_RETURN_TYPE = YES_ERROR;
				GCC_WARN_UNDECLARED_SELECTOR = YES;
				GCC_WARN_UNINITIALIZED_AUTOS = YES_AGGRESSIVE;
				GCC_WARN_UNUSED_FUNCTION = YES;
				GCC_WARN_UNUSED_VARIABLE = YES;
				IPHONEOS_DEPLOYMENT_TARGET = 8.4;
				MTL_ENABLE_DEBUG_INFO = NO;
				SDKROOT = iphoneos;
				VALIDATE_PRODUCT = YES;
			};
			name = Release;
		};
		207C41FB1BD039CD000F53E7 /* Debug */ = {
			isa = XCBuildConfiguration;
			buildSettings = {
				ASSETCATALOG_COMPILER_APPICON_NAME = AppIcon;
				INFOPLIST_FILE = TableViews/Info.plist;
				LD_RUNPATH_SEARCH_PATHS = "$(inherited) @executable_path/Frameworks";
				PRODUCT_NAME = "$(TARGET_NAME)";
			};
			name = Debug;
		};
		207C41FC1BD039CD000F53E7 /* Release */ = {
			isa = XCBuildConfiguration;
			buildSettings = {
				ASSETCATALOG_COMPILER_APPICON_NAME = AppIcon;
				INFOPLIST_FILE = TableViews/Info.plist;
				LD_RUNPATH_SEARCH_PATHS = "$(inherited) @executable_path/Frameworks";
				PRODUCT_NAME = "$(TARGET_NAME)";
			};
			name = Release;
		};
		207C41FE1BD039CD000F53E7 /* Debug */ = {
			isa = XCBuildConfiguration;
			buildSettings = {
				BUNDLE_LOADER = "$(TEST_HOST)";
				FRAMEWORK_SEARCH_PATHS = (
					"$(SDKROOT)/Developer/Library/Frameworks",
					"$(inherited)",
				);
				GCC_PREPROCESSOR_DEFINITIONS = (
					"DEBUG=1",
					"$(inherited)",
				);
				INFOPLIST_FILE = TableViewsTests/Info.plist;
				LD_RUNPATH_SEARCH_PATHS = "$(inherited) @executable_path/Frameworks @loader_path/Frameworks";
				PRODUCT_NAME = "$(TARGET_NAME)";
				TEST_HOST = "$(BUILT_PRODUCTS_DIR)/TableViews.app/TableViews";
			};
			name = Debug;
		};
		207C41FF1BD039CD000F53E7 /* Release */ = {
			isa = XCBuildConfiguration;
			buildSettings = {
				BUNDLE_LOADER = "$(TEST_HOST)";
				FRAMEWORK_SEARCH_PATHS = (
					"$(SDKROOT)/Developer/Library/Frameworks",
					"$(inherited)",
				);
				INFOPLIST_FILE = TableViewsTests/Info.plist;
				LD_RUNPATH_SEARCH_PATHS = "$(inherited) @executable_path/Frameworks @loader_path/Frameworks";
				PRODUCT_NAME = "$(TARGET_NAME)";
				TEST_HOST = "$(BUILT_PRODUCTS_DIR)/TableViews.app/TableViews";
			};
			name = Release;
		};
/* End XCBuildConfiguration section */

/* Begin XCConfigurationList section */
		207C41D61BD039CC000F53E7 /* Build configuration list for PBXProject "TableViews" */ = {
			isa = XCConfigurationList;
			buildConfigurations = (
				207C41F81BD039CD000F53E7 /* Debug */,
				207C41F91BD039CD000F53E7 /* Release */,
			);
			defaultConfigurationIsVisible = 0;
			defaultConfigurationName = Release;
		};
		207C41FA1BD039CD000F53E7 /* Build configuration list for PBXNativeTarget "TableViews" */ = {
			isa = XCConfigurationList;
			buildConfigurations = (
				207C41FB1BD039CD000F53E7 /* Debug */,
				207C41FC1BD039CD000F53E7 /* Release */,
			);
			defaultConfigurationIsVisible = 0;
		};
		207C41FD1BD039CD000F53E7 /* Build configuration list for PBXNativeTarget "TableViewsTests" */ = {
			isa = XCConfigurationList;
			buildConfigurations = (
				207C41FE1BD039CD000F53E7 /* Debug */,
				207C41FF1BD039CD000F53E7 /* Release */,
			);
			defaultConfigurationIsVisible = 0;
		};
/* End XCConfigurationList section */
	};
	rootObject = 207C41D31BD039CC000F53E7 /* Project object */;
}
